
Microsoft Visual Studio Solution File, Format Version 12.00
# Visual Studio Version 16
VisualStudioVersion = 16.0.30309.148
MinimumVisualStudioVersion = 15.0.26124.0
Project("{9A19103F-16F7-4668-BE54-9A1E7A4F7556}") = "Warface", "Warface\Warface.csproj", "{FF8433BA-58D5-4F88-9FD0-A5F12B9D32B0}"
EndProject
Project("{2150E333-8FDC-42A3-9474-1A3956D46DE8}") = "Solution Items", "Solution Items", "{8AD6F8D1-48F3-4503-8FB5-FD6A14E99840}"
	ProjectSection(SolutionItems) = preProject
		.editorconfig = .editorconfig
		README.md = README.md
	EndProjectSection
EndProject
Project("{9A19103F-16F7-4668-BE54-9A1E7A4F7556}") = "Warface.Bot", "Warface.Bot\Warface.Bot.csproj", "{131C6D7C-88EB-4959-904E-83F0AEC9A691}"
EndProject
Global
	GlobalSection(SolutionConfigurationPlatforms) = preSolution
		Debug|Any CPU = Debug|Any CPU
		Debug|x64 = Debug|x64
		Debug|x86 = Debug|x86
		Release|Any CPU = Release|Any CPU
		Release|x64 = Release|x64
		Release|x86 = Release|x86
	EndGlobalSection
	GlobalSection(ProjectConfigurationPlatforms) = postSolution
		{FF8433BA-58D5-4F88-9FD0-A5F12B9D32B0}.Debug|Any CPU.ActiveCfg = Debug|Any CPU
		{FF8433BA-58D5-4F88-9FD0-A5F12B9D32B0}.Debug|Any CPU.Build.0 = Debug|Any CPU
		{FF8433BA-58D5-4F88-9FD0-A5F12B9D32B0}.Debug|x64.ActiveCfg = Debug|Any CPU
		{FF8433BA-58D5-4F88-9FD0-A5F12B9D32B0}.Debug|x64.Build.0 = Debug|Any CPU
		{FF8433BA-58D5-4F88-9FD0-A5F12B9D32B0}.Debug|x86.ActiveCfg = Debug|Any CPU
		{FF8433BA-58D5-4F88-9FD0-A5F12B9D32B0}.Debug|x86.Build.0 = Debug|Any CPU
		{FF8433BA-58D5-4F88-9FD0-A5F12B9D32B0}.Release|Any CPU.ActiveCfg = Release|Any CPU
		{FF8433BA-58D5-4F88-9FD0-A5F12B9D32B0}.Release|Any CPU.Build.0 = Release|Any CPU
		{FF8433BA-58D5-4F88-9FD0-A5F12B9D32B0}.Release|x64.ActiveCfg = Release|Any CPU
		{FF8433BA-58D5-4F88-9FD0-A5F12B9D32B0}.Release|x64.Build.0 = Release|Any CPU
		{FF8433BA-58D5-4F88-9FD0-A5F12B9D32B0}.Release|x86.ActiveCfg = Release|Any CPU
		{FF8433BA-58D5-4F88-9FD0-A5F12B9D32B0}.Release|x86.Build.0 = Release|Any CPU
		{131C6D7C-88EB-4959-904E-83F0AEC9A691}.Debug|Any CPU.ActiveCfg = Debug|Any CPU
		{131C6D7C-88EB-4959-904E-83F0AEC9A691}.Debug|Any CPU.Build.0 = Debug|Any CPU
		{131C6D7C-88EB-4959-904E-83F0AEC9A691}.Debug|x64.ActiveCfg = Debug|Any CPU
		{131C6D7C-88EB-4959-904E-83F0AEC9A691}.Debug|x64.Build.0 = Debug|Any CPU
		{131C6D7C-88EB-4959-904E-83F0AEC9A691}.Debug|x86.ActiveCfg = Debug|Any CPU
		{131C6D7C-88EB-4959-904E-83F0AEC9A691}.Debug|x86.Build.0 = Debug|Any CPU
		{131C6D7C-88EB-4959-904E-83F0AEC9A691}.Release|Any CPU.ActiveCfg = Release|Any CPU
		{131C6D7C-88EB-4959-904E-83F0AEC9A691}.Release|Any CPU.Build.0 = Release|Any CPU
		{131C6D7C-88EB-4959-904E-83F0AEC9A691}.Release|x64.ActiveCfg = Release|Any CPU
		{131C6D7C-88EB-4959-904E-83F0AEC9A691}.Release|x64.Build.0 = Release|Any CPU
		{131C6D7C-88EB-4959-904E-83F0AEC9A691}.Release|x86.ActiveCfg = Release|Any CPU
		{131C6D7C-88EB-4959-904E-83F0AEC9A691}.Release|x86.Build.0 = Release|Any CPU
	EndGlobalSection
	GlobalSection(SolutionProperties) = preSolution
		HideSolutionNode = FALSE
	EndGlobalSection
	GlobalSection(ExtensibilityGlobals) = postSolution
		SolutionGuid = {6A109164-3AFE-45FF-9382-FD6E13F77726}
	EndGlobalSection
EndGlobal
